
Microsoft Visual Studio Solution File, Format Version 12.00
# Visual Studio Version 17
VisualStudioVersion = 17.2.32602.215
MinimumVisualStudioVersion = 10.0.40219.1
Project("{FAE04EC0-301F-11D3-BF4B-00C04F79EFBC}") = "RestAPI", "RestAPI\RestAPI.csproj", "{4C3C2F2F-7449-4B99-86F3-AE3A027199CE}"
EndProject
Project("{FAE04EC0-301F-11D3-BF4B-00C04F79EFBC}") = "Data", "Data\Data.csproj", "{B976F082-DD8A-454D-932C-23F0324B90C9}"
EndProject
Project("{FAE04EC0-301F-11D3-BF4B-00C04F79EFBC}") = "Services", "Services\Services.csproj", "{B6106A96-468C-4966-B2DF-21063AE102F5}"
EndProject
Global
	GlobalSection(SolutionConfigurationPlatforms) = preSolution
		Debug|Any CPU = Debug|Any CPU
		Release|Any CPU = Release|Any CPU
	EndGlobalSection
	GlobalSection(ProjectConfigurationPlatforms) = postSolution
		{4C3C2F2F-7449-4B99-86F3-AE3A027199CE}.Debug|Any CPU.ActiveCfg = Debug|Any CPU
		{4C3C2F2F-7449-4B99-86F3-AE3A027199CE}.Debug|Any CPU.Build.0 = Debug|Any CPU
		{4C3C2F2F-7449-4B99-86F3-AE3A027199CE}.Release|Any CPU.ActiveCfg = Release|Any CPU
		{4C3C2F2F-7449-4B99-86F3-AE3A027199CE}.Release|Any CPU.Build.0 = Release|Any CPU
		{B976F082-DD8A-454D-932C-23F0324B90C9}.Debug|Any CPU.ActiveCfg = Debug|Any CPU
		{B976F082-DD8A-454D-932C-23F0324B90C9}.Debug|Any CPU.Build.0 = Debug|Any CPU
		{B976F082-DD8A-454D-932C-23F0324B90C9}.Release|Any CPU.ActiveCfg = Release|Any CPU
		{B976F082-DD8A-454D-932C-23F0324B90C9}.Release|Any CPU.Build.0 = Release|Any CPU
		{B6106A96-468C-4966-B2DF-21063AE102F5}.Debug|Any CPU.ActiveCfg = Debug|Any CPU
		{B6106A96-468C-4966-B2DF-21063AE102F5}.Debug|Any CPU.Build.0 = Debug|Any CPU
		{B6106A96-468C-4966-B2DF-21063AE102F5}.Release|Any CPU.ActiveCfg = Release|Any CPU
		{B6106A96-468C-4966-B2DF-21063AE102F5}.Release|Any CPU.Build.0 = Release|Any CPU
	EndGlobalSection
	GlobalSection(SolutionProperties) = preSolution
		HideSolutionNode = FALSE
	EndGlobalSection
	GlobalSection(ExtensibilityGlobals) = postSolution
		SolutionGuid = {D8313BB8-5DD7-4C2B-B9F3-D5B6108DB5F0}
	EndGlobalSection
EndGlobal
